// !$*UTF8*$!
{
	archiveVersion = 1;
	classes = {
	};
	objectVersion = 77;
	objects = {

/* Begin PBXBuildFile section */
		062B76686D29E58E64B83014 /* APIClient.swift in Sources */ = {isa = PBXBuildFile; fileRef = 32F4899644A53319D1669DE8 /* APIClient.swift */; };
		0E8C497D811AAFE9D92D4472 /* AppConstants.swift in Sources */ = {isa = PBXBuildFile; fileRef = DCC8BC274336AB4296488BF1 /* AppConstants.swift */; };
		241C3120F69D56541DDDDDF0 /* TeamPreferences.swift in Sources */ = {isa = PBXBuildFile; fileRef = 94A20F46DAF38E697E9D7D92 /* TeamPreferences.swift */; };
		2506014780285AC6D84D23EB /* Team.swift in Sources */ = {isa = PBXBuildFile; fileRef = 75A4C1BAD764C1F0174BDFC3 /* Team.swift */; };
		2984246B60E3BC93FF0C44CF /* WidgetReloader.swift in Sources */ = {isa = PBXBuildFile; fileRef = C549C8E651A6D6A0DAF5CA13 /* WidgetReloader.swift */; };
		3120C0A09054D0B30BA36F2C /* ScoreResponse.swift in Sources */ = {isa = PBXBuildFile; fileRef = 5CA1DE3DD00D78638C059746 /* ScoreResponse.swift */; };
		3A389AA1EA58F65BCF0524F7 /* ContentView.swift in Sources */ = {isa = PBXBuildFile; fileRef = ABADF5EDEEDB0D95F7BA2AED /* ContentView.swift */; };
		5B7B34E772098FE5FF63CB9A /* WidgetReloader.swift in Sources */ = {isa = PBXBuildFile; fileRef = C549C8E651A6D6A0DAF5CA13 /* WidgetReloader.swift */; };
		7A5BE3C8C3035B052DD87563 /* Team.swift in Sources */ = {isa = PBXBuildFile; fileRef = 75A4C1BAD764C1F0174BDFC3 /* Team.swift */; };
		7FF4273046468258B0931F11 /* FavFieldWidget.appex in Embed Foundation Extensions */ = {isa = PBXBuildFile; fileRef = 2100E115A35FD4C07833390A /* FavFieldWidget.appex */; settings = {ATTRIBUTES = (RemoveHeadersOnCopy, ); }; };
		8580B00900EEAEE735FF6A6E /* TeamPickerView.swift in Sources */ = {isa = PBXBuildFile; fileRef = A44A01EB87FF2A7C641CD6ED /* TeamPickerView.swift */; };
		8FDC967B5F44912E1A8430CC /* ScoreResponse+Display.swift in Sources */ = {isa = PBXBuildFile; fileRef = AF008F3A32472037B0FA8FDF /* ScoreResponse+Display.swift */; };
		9FBCA02EC5A34251D4CF9628 /* FavFieldWidget.swift in Sources */ = {isa = PBXBuildFile; fileRef = B271E34449BE2FC4261996CB /* FavFieldWidget.swift */; };
		9FC2B6C1F11C3F00AC6DD026 /* AppConstants.swift in Sources */ = {isa = PBXBuildFile; fileRef = DCC8BC274336AB4296488BF1 /* AppConstants.swift */; };
		A34245C64AE65290D3D8C776 /* TeamPreferences.swift in Sources */ = {isa = PBXBuildFile; fileRef = 94A20F46DAF38E697E9D7D92 /* TeamPreferences.swift */; };
		AC2DD4258054D8ADF5BE772A /* FavFieldWidgetBundle.swift in Sources */ = {isa = PBXBuildFile; fileRef = A9F5E468110A540518133E5B /* FavFieldWidgetBundle.swift */; };
		C08B1432383FE687EB72D505 /* AppIcon.icon in Resources */ = {isa = PBXBuildFile; fileRef = FD032700E064BEBED050CE51 /* AppIcon.icon */; };
		C158EC5E47AF1E79E3CEB73D /* Assets.xcassets in Resources */ = {isa = PBXBuildFile; fileRef = 9AE85EA08C56C5603334B509 /* Assets.xcassets */; };
		C6336E5C37C91938B14A5FCD /* ScoreView.swift in Sources */ = {isa = PBXBuildFile; fileRef = F8C76EB4CFD72B7711435892 /* ScoreView.swift */; };
		E91ACD62E5BA932D576DD5F0 /* APIClient.swift in Sources */ = {isa = PBXBuildFile; fileRef = 32F4899644A53319D1669DE8 /* APIClient.swift */; };
		EA32F4FD1C599EBB29BEF194 /* ScoreResponse.swift in Sources */ = {isa = PBXBuildFile; fileRef = 5CA1DE3DD00D78638C059746 /* ScoreResponse.swift */; };
		EC5DB4E8ED3DED4B408F554A /* FavFieldWatchApp.swift in Sources */ = {isa = PBXBuildFile; fileRef = C73007D2323BFCB7C69B2989 /* FavFieldWatchApp.swift */; };
		F20DD0E99F113B9816C6C506 /* ScoreResponse+Display.swift in Sources */ = {isa = PBXBuildFile; fileRef = AF008F3A32472037B0FA8FDF /* ScoreResponse+Display.swift */; };
/* End PBXBuildFile section */

/* Begin PBXContainerItemProxy section */
		1EBE067C209476C24EEEE4CC /* PBXContainerItemProxy */ = {
			isa = PBXContainerItemProxy;
			containerPortal = F1B359210CBBB364AFE9D795 /* Project object */;
			proxyType = 1;
			remoteGlobalIDString = A4A03D943A870C2DCA343E00;
			remoteInfo = FavFieldWidget;
		};
/* End PBXContainerItemProxy section */

/* Begin PBXCopyFilesBuildPhase section */
		EC5AFD1DE4CB157B18B82B63 /* Embed Foundation Extensions */ = {
			isa = PBXCopyFilesBuildPhase;
			buildActionMask = 2147483647;
			dstPath = "";
			dstSubfolderSpec = 13;
			files = (
				7FF4273046468258B0931F11 /* FavFieldWidget.appex in Embed Foundation Extensions */,
			);
			name = "Embed Foundation Extensions";
			runOnlyForDeploymentPostprocessing = 0;
		};
/* End PBXCopyFilesBuildPhase section */

/* Begin PBXFileReference section */
		06B90B125ED7A94DD7FD0EFA /* FavFieldWatch.app */ = {isa = PBXFileReference; explicitFileType = wrapper.application; includeInIndex = 0; path = FavFieldWatch.app; sourceTree = BUILT_PRODUCTS_DIR; };
		2100E115A35FD4C07833390A /* FavFieldWidget.appex */ = {isa = PBXFileReference; explicitFileType = "wrapper.app-extension"; includeInIndex = 0; path = FavFieldWidget.appex; sourceTree = BUILT_PRODUCTS_DIR; };
		32F4899644A53319D1669DE8 /* APIClient.swift */ = {isa = PBXFileReference; lastKnownFileType = sourcecode.swift; path = APIClient.swift; sourceTree = "<group>"; };
		471FFC24A70ACF64E9BBF86D /* FavFieldWatchRelease.entitlements */ = {isa = PBXFileReference; lastKnownFileType = text.plist.entitlements; path = FavFieldWatchRelease.entitlements; sourceTree = "<group>"; };
		573B971C1B760DEC08271628 /* FavFieldWidget.entitlements */ = {isa = PBXFileReference; lastKnownFileType = text.plist.entitlements; path = FavFieldWidget.entitlements; sourceTree = "<group>"; };
		5CA1DE3DD00D78638C059746 /* ScoreResponse.swift */ = {isa = PBXFileReference; lastKnownFileType = sourcecode.swift; path = ScoreResponse.swift; sourceTree = "<group>"; };
		75A4C1BAD764C1F0174BDFC3 /* Team.swift */ = {isa = PBXFileReference; lastKnownFileType = sourcecode.swift; path = Team.swift; sourceTree = "<group>"; };
		94A20F46DAF38E697E9D7D92 /* TeamPreferences.swift */ = {isa = PBXFileReference; lastKnownFileType = sourcecode.swift; path = TeamPreferences.swift; sourceTree = "<group>"; };
		9AE85EA08C56C5603334B509 /* Assets.xcassets */ = {isa = PBXFileReference; lastKnownFileType = folder.assetcatalog; path = Assets.xcassets; sourceTree = "<group>"; };
		9E5BA18D255FF7D32EFC082A /* Info.plist */ = {isa = PBXFileReference; lastKnownFileType = text.plist; path = Info.plist; sourceTree = "<group>"; };
		A44A01EB87FF2A7C641CD6ED /* TeamPickerView.swift */ = {isa = PBXFileReference; lastKnownFileType = sourcecode.swift; path = TeamPickerView.swift; sourceTree = "<group>"; };
		A9F5E468110A540518133E5B /* FavFieldWidgetBundle.swift */ = {isa = PBXFileReference; lastKnownFileType = sourcecode.swift; path = FavFieldWidgetBundle.swift; sourceTree = "<group>"; };
		ABADF5EDEEDB0D95F7BA2AED /* ContentView.swift */ = {isa = PBXFileReference; lastKnownFileType = sourcecode.swift; path = ContentView.swift; sourceTree = "<group>"; };
		AF008F3A32472037B0FA8FDF /* ScoreResponse+Display.swift */ = {isa = PBXFileReference; lastKnownFileType = sourcecode.swift; path = "ScoreResponse+Display.swift"; sourceTree = "<group>"; };
		B271E34449BE2FC4261996CB /* FavFieldWidget.swift */ = {isa = PBXFileReference; lastKnownFileType = sourcecode.swift; path = FavFieldWidget.swift; sourceTree = "<group>"; };
		C549C8E651A6D6A0DAF5CA13 /* WidgetReloader.swift */ = {isa = PBXFileReference; lastKnownFileType = sourcecode.swift; path = WidgetReloader.swift; sourceTree = "<group>"; };
		C73007D2323BFCB7C69B2989 /* FavFieldWatchApp.swift */ = {isa = PBXFileReference; lastKnownFileType = sourcecode.swift; path = FavFieldWatchApp.swift; sourceTree = "<group>"; };
		CF703B4F28017E333C2F7F1B /* FavFieldWidgetRelease.entitlements */ = {isa = PBXFileReference; lastKnownFileType = text.plist.entitlements; path = FavFieldWidgetRelease.entitlements; sourceTree = "<group>"; };
		DCC8BC274336AB4296488BF1 /* AppConstants.swift */ = {isa = PBXFileReference; lastKnownFileType = sourcecode.swift; path = AppConstants.swift; sourceTree = "<group>"; };
		EB8F8AE042E52238A596F31C /* Info.plist */ = {isa = PBXFileReference; lastKnownFileType = text.plist; path = Info.plist; sourceTree = "<group>"; };
		F8C76EB4CFD72B7711435892 /* ScoreView.swift */ = {isa = PBXFileReference; lastKnownFileType = sourcecode.swift; path = ScoreView.swift; sourceTree = "<group>"; };
		F9ED2DCE77717046B0E6D5A9 /* FavFieldWatch.entitlements */ = {isa = PBXFileReference; lastKnownFileType = text.plist.entitlements; path = FavFieldWatch.entitlements; sourceTree = "<group>"; };
		FD032700E064BEBED050CE51 /* AppIcon.icon */ = {isa = PBXFileReference; lastKnownFileType = wrapper.icon; path = AppIcon.icon; sourceTree = "<group>"; };
/* End PBXFileReference section */

/* Begin PBXGroup section */
		0E2D1D163FF9D99EB3E473D2 /* Resources */ = {
			isa = PBXGroup;
			children = (
				573B971C1B760DEC08271628 /* FavFieldWidget.entitlements */,
				9E5BA18D255FF7D32EFC082A /* Info.plist */,
			);
			path = Resources;
			sourceTree = "<group>";
		};
		1588DF205C8F8CE222A916DF /* FavFieldWidget */ = {
			isa = PBXGroup;
			children = (
				B271E34449BE2FC4261996CB /* FavFieldWidget.swift */,
				A9F5E468110A540518133E5B /* FavFieldWidgetBundle.swift */,
				CF703B4F28017E333C2F7F1B /* FavFieldWidgetRelease.entitlements */,
				0E2D1D163FF9D99EB3E473D2 /* Resources */,
			);
			path = FavFieldWidget;
			sourceTree = "<group>";
		};
		25EB67D4B5500ACA25EABD4E /* Services */ = {
			isa = PBXGroup;
			children = (
				32F4899644A53319D1669DE8 /* APIClient.swift */,
				94A20F46DAF38E697E9D7D92 /* TeamPreferences.swift */,
				C549C8E651A6D6A0DAF5CA13 /* WidgetReloader.swift */,
			);
			path = Services;
			sourceTree = "<group>";
		};
		2BC68D4C0C8140224BB23F23 /* Constants */ = {
			isa = PBXGroup;
			children = (
				DCC8BC274336AB4296488BF1 /* AppConstants.swift */,
			);
			path = Constants;
			sourceTree = "<group>";
		};
		36473398C76DE5A7877E4233 /* Products */ = {
			isa = PBXGroup;
			children = (
				06B90B125ED7A94DD7FD0EFA /* FavFieldWatch.app */,
				2100E115A35FD4C07833390A /* FavFieldWidget.appex */,
			);
			name = Products;
			sourceTree = "<group>";
		};
		5B61C56CEF5FB446B1502727 = {
			isa = PBXGroup;
			children = (
				D5E1BF3F3A6ACE322E421187 /* FavFieldWatch */,
				1588DF205C8F8CE222A916DF /* FavFieldWidget */,
				FDE82B80B0D5836F9FCAE1B3 /* Shared */,
				36473398C76DE5A7877E4233 /* Products */,
			);
			sourceTree = "<group>";
		};
		65B54021A41FB4B3E926CC67 /* Resources */ = {
			isa = PBXGroup;
			children = (
				FD032700E064BEBED050CE51 /* AppIcon.icon */,
				9AE85EA08C56C5603334B509 /* Assets.xcassets */,
				F9ED2DCE77717046B0E6D5A9 /* FavFieldWatch.entitlements */,
				EB8F8AE042E52238A596F31C /* Info.plist */,
			);
			path = Resources;
			sourceTree = "<group>";
		};
		6BEDBC601F169F61AB8E1A58 /* Views */ = {
			isa = PBXGroup;
			children = (
				ABADF5EDEEDB0D95F7BA2AED /* ContentView.swift */,
				F8C76EB4CFD72B7711435892 /* ScoreView.swift */,
				A44A01EB87FF2A7C641CD6ED /* TeamPickerView.swift */,
			);
			path = Views;
			sourceTree = "<group>";
		};
		8725C37EBC7557FE5BC7A4F6 /* App */ = {
			isa = PBXGroup;
			children = (
				C73007D2323BFCB7C69B2989 /* FavFieldWatchApp.swift */,
			);
			path = App;
			sourceTree = "<group>";
		};
		8FC3140E5A2D06CF65C3458D /* Models */ = {
			isa = PBXGroup;
			children = (
				5CA1DE3DD00D78638C059746 /* ScoreResponse.swift */,
				AF008F3A32472037B0FA8FDF /* ScoreResponse+Display.swift */,
				75A4C1BAD764C1F0174BDFC3 /* Team.swift */,
			);
			path = Models;
			sourceTree = "<group>";
		};
		D5E1BF3F3A6ACE322E421187 /* FavFieldWatch */ = {
			isa = PBXGroup;
			children = (
				471FFC24A70ACF64E9BBF86D /* FavFieldWatchRelease.entitlements */,
				8725C37EBC7557FE5BC7A4F6 /* App */,
				65B54021A41FB4B3E926CC67 /* Resources */,
				6BEDBC601F169F61AB8E1A58 /* Views */,
			);
			path = FavFieldWatch;
			sourceTree = "<group>";
		};
		FDE82B80B0D5836F9FCAE1B3 /* Shared */ = {
			isa = PBXGroup;
			children = (
				2BC68D4C0C8140224BB23F23 /* Constants */,
				8FC3140E5A2D06CF65C3458D /* Models */,
				25EB67D4B5500ACA25EABD4E /* Services */,
			);
			path = Shared;
			sourceTree = "<group>";
		};
/* End PBXGroup section */

/* Begin PBXNativeTarget section */
		5171C1E86458512A4E15ACA8 /* FavFieldWatch */ = {
			isa = PBXNativeTarget;
			buildConfigurationList = 072D740F118BEAE08DAC88D4 /* Build configuration list for PBXNativeTarget "FavFieldWatch" */;
			buildPhases = (
				CE9DD767C2DCB23B9C690BC9 /* Sources */,
				7E3F273C2310C9A6FD8DEB58 /* Resources */,
				EC5AFD1DE4CB157B18B82B63 /* Embed Foundation Extensions */,
			);
			buildRules = (
			);
			dependencies = (
				79069E760F7630405E7FA927 /* PBXTargetDependency */,
			);
			name = FavFieldWatch;
			packageProductDependencies = (
			);
			productName = FavFieldWatch;
			productReference = 06B90B125ED7A94DD7FD0EFA /* FavFieldWatch.app */;
			productType = "com.apple.product-type.application";
		};
		A4A03D943A870C2DCA343E00 /* FavFieldWidget */ = {
			isa = PBXNativeTarget;
			buildConfigurationList = 2E3EDB2777825DBB1CFC7789 /* Build configuration list for PBXNativeTarget "FavFieldWidget" */;
			buildPhases = (
				F3790E12964916F9DB7A8FB2 /* Sources */,
			);
			buildRules = (
			);
			dependencies = (
			);
			name = FavFieldWidget;
			packageProductDependencies = (
			);
			productName = FavFieldWidget;
			productReference = 2100E115A35FD4C07833390A /* FavFieldWidget.appex */;
			productType = "com.apple.product-type.app-extension";
		};
/* End PBXNativeTarget section */

/* Begin PBXProject section */
		F1B359210CBBB364AFE9D795 /* Project object */ = {
			isa = PBXProject;
			attributes = {
				BuildIndependentTargetsInParallel = YES;
				LastUpgradeCheck = 1430;
				TargetAttributes = {
					5171C1E86458512A4E15ACA8 = {
						DevelopmentTeam = 72LKS454FJ;
						ProvisioningStyle = Automatic;
					};
					A4A03D943A870C2DCA343E00 = {
						DevelopmentTeam = 72LKS454FJ;
						ProvisioningStyle = Automatic;
					};
				};
			};
			buildConfigurationList = A5EF2F084CB8E9EBBCC0AC96 /* Build configuration list for PBXProject "FavField" */;
			developmentRegion = en;
			hasScannedForEncodings = 0;
			knownRegions = (
				Base,
				en,
			);
			mainGroup = 5B61C56CEF5FB446B1502727;
			minimizedProjectReferenceProxies = 1;
			preferredProjectObjectVersion = 77;
			productRefGroup = 36473398C76DE5A7877E4233 /* Products */;
			projectDirPath = "";
			projectRoot = "";
			targets = (
				5171C1E86458512A4E15ACA8 /* FavFieldWatch */,
				A4A03D943A870C2DCA343E00 /* FavFieldWidget */,
			);
		};
/* End PBXProject section */

/* Begin PBXResourcesBuildPhase section */
		7E3F273C2310C9A6FD8DEB58 /* Resources */ = {
			isa = PBXResourcesBuildPhase;
			buildActionMask = 2147483647;
			files = (
				C08B1432383FE687EB72D505 /* AppIcon.icon in Resources */,
				C158EC5E47AF1E79E3CEB73D /* Assets.xcassets in Resources */,
			);
			runOnlyForDeploymentPostprocessing = 0;
		};
/* End PBXResourcesBuildPhase section */

/* Begin PBXSourcesBuildPhase section */
		CE9DD767C2DCB23B9C690BC9 /* Sources */ = {
			isa = PBXSourcesBuildPhase;
			buildActionMask = 2147483647;
			files = (
				E91ACD62E5BA932D576DD5F0 /* APIClient.swift in Sources */,
				9FC2B6C1F11C3F00AC6DD026 /* AppConstants.swift in Sources */,
				3A389AA1EA58F65BCF0524F7 /* ContentView.swift in Sources */,
				EC5DB4E8ED3DED4B408F554A /* FavFieldWatchApp.swift in Sources */,
				8FDC967B5F44912E1A8430CC /* ScoreResponse+Display.swift in Sources */,
				EA32F4FD1C599EBB29BEF194 /* ScoreResponse.swift in Sources */,
				C6336E5C37C91938B14A5FCD /* ScoreView.swift in Sources */,
				2506014780285AC6D84D23EB /* Team.swift in Sources */,
				8580B00900EEAEE735FF6A6E /* TeamPickerView.swift in Sources */,
				241C3120F69D56541DDDDDF0 /* TeamPreferences.swift in Sources */,
				2984246B60E3BC93FF0C44CF /* WidgetReloader.swift in Sources */,
			);
			runOnlyForDeploymentPostprocessing = 0;
		};
		F3790E12964916F9DB7A8FB2 /* Sources */ = {
			isa = PBXSourcesBuildPhase;
			buildActionMask = 2147483647;
			files = (
				062B76686D29E58E64B83014 /* APIClient.swift in Sources */,
				0E8C497D811AAFE9D92D4472 /* AppConstants.swift in Sources */,
				9FBCA02EC5A34251D4CF9628 /* FavFieldWidget.swift in Sources */,
				AC2DD4258054D8ADF5BE772A /* FavFieldWidgetBundle.swift in Sources */,
				F20DD0E99F113B9816C6C506 /* ScoreResponse+Display.swift in Sources */,
				3120C0A09054D0B30BA36F2C /* ScoreResponse.swift in Sources */,
				7A5BE3C8C3035B052DD87563 /* Team.swift in Sources */,
				A34245C64AE65290D3D8C776 /* TeamPreferences.swift in Sources */,
				5B7B34E772098FE5FF63CB9A /* WidgetReloader.swift in Sources */,
			);
			runOnlyForDeploymentPostprocessing = 0;
		};
/* End PBXSourcesBuildPhase section */

/* Begin PBXTargetDependency section */
		79069E760F7630405E7FA927 /* PBXTargetDependency */ = {
			isa = PBXTargetDependency;
			target = A4A03D943A870C2DCA343E00 /* FavFieldWidget */;
			targetProxy = 1EBE067C209476C24EEEE4CC /* PBXContainerItemProxy */;
		};
/* End PBXTargetDependency section */

/* Begin XCBuildConfiguration section */
		451F9EB79BDF146AD372CD97 /* Release */ = {
			isa = XCBuildConfiguration;
			buildSettings = {
				CODE_SIGN_ENTITLEMENTS = FavFieldWidget/Resources/FavFieldWidget.entitlements;
				CODE_SIGN_STYLE = Automatic;
				INFOPLIST_FILE = FavFieldWidget/Resources/Info.plist;
				LD_RUNPATH_SEARCH_PATHS = (
					"$(inherited)",
					"@executable_path/Frameworks",
					"@executable_path/../../Frameworks",
				);
				PRODUCT_BUNDLE_IDENTIFIER = tv.katsuma.FavField.watchkitapp.widget;
				SDKROOT = watchos;
				SKIP_INSTALL = YES;
				TARGETED_DEVICE_FAMILY = 4;
			};
			name = Release;
		};
		4C6F60BD91621AC5791CF632 /* Debug */ = {
			isa = XCBuildConfiguration;
			buildSettings = {
				ASSETCATALOG_COMPILER_APPICON_NAME = AppIcon;
				CODE_SIGN_ENTITLEMENTS = FavFieldWatch/Resources/FavFieldWatch.entitlements;
				CODE_SIGN_STYLE = Automatic;
				INFOPLIST_FILE = FavFieldWatch/Resources/Info.plist;
				PRODUCT_BUNDLE_IDENTIFIER = tv.katsuma.FavField.watchkitapp;
				SDKROOT = watchos;
				SKIP_INSTALL = YES;
				TARGETED_DEVICE_FAMILY = 4;
			};
			name = Debug;
		};
		6B7372ECDFA9EBE8259B52A8 /* Debug */ = {
			isa = XCBuildConfiguration;
			buildSettings = {
				CODE_SIGN_ENTITLEMENTS = FavFieldWidget/Resources/FavFieldWidget.entitlements;
				CODE_SIGN_STYLE = Automatic;
				INFOPLIST_FILE = FavFieldWidget/Resources/Info.plist;
				LD_RUNPATH_SEARCH_PATHS = (
					"$(inherited)",
					"@executable_path/Frameworks",
					"@executable_path/../../Frameworks",
				);
				PRODUCT_BUNDLE_IDENTIFIER = tv.katsuma.FavField.watchkitapp.widget;
				SDKROOT = watchos;
				SKIP_INSTALL = YES;
				TARGETED_DEVICE_FAMILY = 4;
			};
			name = Debug;
		};
		7CE3887C7C8735479B5837D6 /* Release */ = {
			isa = XCBuildConfiguration;
			buildSettings = {
				ASSETCATALOG_COMPILER_APPICON_NAME = AppIcon;
				CODE_SIGN_ENTITLEMENTS = FavFieldWatch/Resources/FavFieldWatch.entitlements;
				CODE_SIGN_STYLE = Automatic;
				INFOPLIST_FILE = FavFieldWatch/Resources/Info.plist;
				PRODUCT_BUNDLE_IDENTIFIER = tv.katsuma.FavField.watchkitapp;
				SDKROOT = watchos;
				SKIP_INSTALL = YES;
				TARGETED_DEVICE_FAMILY = 4;
			};
			name = Release;
		};
		7EDE2E61DC8D664DEB54A2EC /* Debug */ = {
			isa = XCBuildConfiguration;
			buildSettings = {
				ALWAYS_SEARCH_USER_PATHS = NO;
				ARCHS = "$(ARCHS_STANDARD)";
				CLANG_ANALYZER_NONNULL = YES;
				CLANG_ANALYZER_NUMBER_OBJECT_CONVERSION = YES_AGGRESSIVE;
				CLANG_CXX_LANGUAGE_STANDARD = "gnu++14";
				CLANG_CXX_LIBRARY = "libc++";
				CLANG_ENABLE_MODULES = YES;
				CLANG_ENABLE_OBJC_ARC = YES;
				CLANG_ENABLE_OBJC_WEAK = YES;
				CLANG_WARN_BLOCK_CAPTURE_AUTORELEASING = YES;
				CLANG_WARN_BOOL_CONVERSION = YES;
				CLANG_WARN_COMMA = YES;
				CLANG_WARN_CONSTANT_CONVERSION = YES;
				CLANG_WARN_DEPRECATED_OBJC_IMPLEMENTATIONS = YES;
				CLANG_WARN_DIRECT_OBJC_ISA_USAGE = YES_ERROR;
				CLANG_WARN_DOCUMENTATION_COMMENTS = YES;
				CLANG_WARN_EMPTY_BODY = YES;
				CLANG_WARN_ENUM_CONVERSION = YES;
				CLANG_WARN_INFINITE_RECURSION = YES;
				CLANG_WARN_INT_CONVERSION = YES;
				CLANG_WARN_NON_LITERAL_NULL_CONVERSION = YES;
				CLANG_WARN_OBJC_IMPLICIT_RETAIN_SELF = YES;
				CLANG_WARN_OBJC_LITERAL_CONVERSION = YES;
				CLANG_WARN_OBJC_ROOT_CLASS = YES_ERROR;
				CLANG_WARN_QUOTED_INCLUDE_IN_FRAMEWORK_HEADER = YES;
				CLANG_WARN_RANGE_LOOP_ANALYSIS = YES;
				CLANG_WARN_STRICT_PROTOTYPES = YES;
				CLANG_WARN_SUSPICIOUS_MOVE = YES;
				CLANG_WARN_UNGUARDED_AVAILABILITY = YES_AGGRESSIVE;
				CLANG_WARN_UNREACHABLE_CODE = YES;
				CLANG_WARN__DUPLICATE_METHOD_MATCH = YES;
				COPY_PHASE_STRIP = NO;
				DEBUG_INFORMATION_FORMAT = dwarf;
				DEVELOPMENT_TEAM = 72LKS454FJ;
				ENABLE_STRICT_OBJC_MSGSEND = YES;
				ENABLE_TESTABILITY = YES;
				GCC_C_LANGUAGE_STANDARD = gnu11;
				GCC_DYNAMIC_NO_PIC = NO;
				GCC_NO_COMMON_BLOCKS = YES;
				GCC_OPTIMIZATION_LEVEL = 0;
				GCC_PREPROCESSOR_DEFINITIONS = (
					"$(inherited)",
					"DEBUG=1",
				);
				GCC_WARN_64_TO_32_BIT_CONVERSION = YES;
				GCC_WARN_ABOUT_RETURN_TYPE = YES_ERROR;
				GCC_WARN_UNDECLARED_SELECTOR = YES;
				GCC_WARN_UNINITIALIZED_AUTOS = YES_AGGRESSIVE;
				GCC_WARN_UNUSED_FUNCTION = YES;
				GCC_WARN_UNUSED_VARIABLE = YES;
				MTL_ENABLE_DEBUG_INFO = INCLUDE_SOURCE;
				MTL_FAST_MATH = YES;
				ONLY_ACTIVE_ARCH = NO;
				PRODUCT_NAME = "$(TARGET_NAME)";
				SDKROOT = watchos;
				SWIFT_ACTIVE_COMPILATION_CONDITIONS = DEBUG;
				SWIFT_OPTIMIZATION_LEVEL = "-Onone";
				SWIFT_VERSION = 5.0;
				WATCHOS_DEPLOYMENT_TARGET = 11.0;
			};
			name = Debug;
		};
		AD888F03B889E0615ED6B790 /* Release */ = {
			isa = XCBuildConfiguration;
			buildSettings = {
				ALWAYS_SEARCH_USER_PATHS = NO;
				ARCHS = "$(ARCHS_STANDARD)";
				CLANG_ANALYZER_NONNULL = YES;
				CLANG_ANALYZER_NUMBER_OBJECT_CONVERSION = YES_AGGRESSIVE;
				CLANG_CXX_LANGUAGE_STANDARD = "gnu++14";
				CLANG_CXX_LIBRARY = "libc++";
				CLANG_ENABLE_MODULES = YES;
				CLANG_ENABLE_OBJC_ARC = YES;
				CLANG_ENABLE_OBJC_WEAK = YES;
				CLANG_WARN_BLOCK_CAPTURE_AUTORELEASING = YES;
				CLANG_WARN_BOOL_CONVERSION = YES;
				CLANG_WARN_COMMA = YES;
				CLANG_WARN_CONSTANT_CONVERSION = YES;
				CLANG_WARN_DEPRECATED_OBJC_IMPLEMENTATIONS = YES;
				CLANG_WARN_DIRECT_OBJC_ISA_USAGE = YES_ERROR;
				CLANG_WARN_DOCUMENTATION_COMMENTS = YES;
				CLANG_WARN_EMPTY_BODY = YES;
				CLANG_WARN_ENUM_CONVERSION = YES;
				CLANG_WARN_INFINITE_RECURSION = YES;
				CLANG_WARN_INT_CONVERSION = YES;
				CLANG_WARN_NON_LITERAL_NULL_CONVERSION = YES;
				CLANG_WARN_OBJC_IMPLICIT_RETAIN_SELF = YES;
				CLANG_WARN_OBJC_LITERAL_CONVERSION = YES;
				CLANG_WARN_OBJC_ROOT_CLASS = YES_ERROR;
				CLANG_WARN_QUOTED_INCLUDE_IN_FRAMEWORK_HEADER = YES;
				CLANG_WARN_RANGE_LOOP_ANALYSIS = YES;
				CLANG_WARN_STRICT_PROTOTYPES = YES;
				CLANG_WARN_SUSPICIOUS_MOVE = YES;
				CLANG_WARN_UNGUARDED_AVAILABILITY = YES_AGGRESSIVE;
				CLANG_WARN_UNREACHABLE_CODE = YES;
				CLANG_WARN__DUPLICATE_METHOD_MATCH = YES;
				COPY_PHASE_STRIP = NO;
				DEBUG_INFORMATION_FORMAT = "dwarf-with-dsym";
				DEVELOPMENT_TEAM = 72LKS454FJ;
				ENABLE_NS_ASSERTIONS = NO;
				ENABLE_STRICT_OBJC_MSGSEND = YES;
				GCC_C_LANGUAGE_STANDARD = gnu11;
				GCC_NO_COMMON_BLOCKS = YES;
				GCC_WARN_64_TO_32_BIT_CONVERSION = YES;
				GCC_WARN_ABOUT_RETURN_TYPE = YES_ERROR;
				GCC_WARN_UNDECLARED_SELECTOR = YES;
				GCC_WARN_UNINITIALIZED_AUTOS = YES_AGGRESSIVE;
				GCC_WARN_UNUSED_FUNCTION = YES;
				GCC_WARN_UNUSED_VARIABLE = YES;
				MTL_ENABLE_DEBUG_INFO = NO;
				MTL_FAST_MATH = YES;
				PRODUCT_NAME = "$(TARGET_NAME)";
				SDKROOT = watchos;
				SWIFT_COMPILATION_MODE = wholemodule;
				SWIFT_OPTIMIZATION_LEVEL = "-O";
				SWIFT_VERSION = 5.0;
				WATCHOS_DEPLOYMENT_TARGET = 11.0;
			};
			name = Release;
		};
/* End XCBuildConfiguration section */

/* Begin XCConfigurationList section */
		072D740F118BEAE08DAC88D4 /* Build configuration list for PBXNativeTarget "FavFieldWatch" */ = {
			isa = XCConfigurationList;
			buildConfigurations = (
				4C6F60BD91621AC5791CF632 /* Debug */,
				7CE3887C7C8735479B5837D6 /* Release */,
			);
			defaultConfigurationIsVisible = 0;
			defaultConfigurationName = Debug;
		};
		2E3EDB2777825DBB1CFC7789 /* Build configuration list for PBXNativeTarget "FavFieldWidget" */ = {
			isa = XCConfigurationList;
			buildConfigurations = (
				6B7372ECDFA9EBE8259B52A8 /* Debug */,
				451F9EB79BDF146AD372CD97 /* Release */,
			);
			defaultConfigurationIsVisible = 0;
			defaultConfigurationName = Debug;
		};
		A5EF2F084CB8E9EBBCC0AC96 /* Build configuration list for PBXProject "FavField" */ = {
			isa = XCConfigurationList;
			buildConfigurations = (
				7EDE2E61DC8D664DEB54A2EC /* Debug */,
				AD888F03B889E0615ED6B790 /* Release */,
			);
			defaultConfigurationIsVisible = 0;
			defaultConfigurationName = Debug;
		};
/* End XCConfigurationList section */
	};
	rootObject = F1B359210CBBB364AFE9D795 /* Project object */;
}
